
Microsoft Visual Studio Solution File, Format Version 12.00
# Visual Studio 14
VisualStudioVersion = 14.0.25420.1
MinimumVisualStudioVersion = 10.0.40219.1
Project("{8BC9CEB8-8B4A-11D0-8D11-00A0C91BC942}") = "HTandBTree", "HTandBTree\HTandBTree.vcxproj", "{B89CCE84-4648-40D9-9C41-EAA5FFFB2E7F}"
EndProject
Project("{8BC9CEB8-8B4A-11D0-8D11-00A0C91BC942}") = "gtest", "gtest\gtest.vcxproj", "{A963068E-CC06-49A7-A7BB-314E49A6CFA0}"
EndProject
Global
	GlobalSection(SolutionConfigurationPlatforms) = preSolution
		Debug|x64 = Debug|x64
		Debug|x86 = Debug|x86
		Release|x64 = Release|x64
		Release|x86 = Release|x86
	EndGlobalSection
	GlobalSection(ProjectConfigurationPlatforms) = postSolution
		{B89CCE84-4648-40D9-9C41-EAA5FFFB2E7F}.Debug|x64.ActiveCfg = Debug|x64
		{B89CCE84-4648-40D9-9C41-EAA5FFFB2E7F}.Debug|x64.Build.0 = Debug|x64
		{B89CCE84-4648-40D9-9C41-EAA5FFFB2E7F}.Debug|x86.ActiveCfg = Debug|Win32
		{B89CCE84-4648-40D9-9C41-EAA5FFFB2E7F}.Debug|x86.Build.0 = Debug|Win32
		{B89CCE84-4648-40D9-9C41-EAA5FFFB2E7F}.Release|x64.ActiveCfg = Release|x64
		{B89CCE84-4648-40D9-9C41-EAA5FFFB2E7F}.Release|x64.Build.0 = Release|x64
		{B89CCE84-4648-40D9-9C41-EAA5FFFB2E7F}.Release|x86.ActiveCfg = Release|Win32
		{B89CCE84-4648-40D9-9C41-EAA5FFFB2E7F}.Release|x86.Build.0 = Release|Win32
		{A963068E-CC06-49A7-A7BB-314E49A6CFA0}.Debug|x64.ActiveCfg = Debug|x64
		{A963068E-CC06-49A7-A7BB-314E49A6CFA0}.Debug|x64.Build.0 = Debug|x64
		{A963068E-CC06-49A7-A7BB-314E49A6CFA0}.Debug|x86.ActiveCfg = Debug|Win32
		{A963068E-CC06-49A7-A7BB-314E49A6CFA0}.Debug|x86.Build.0 = Debug|Win32
		{A963068E-CC06-49A7-A7BB-314E49A6CFA0}.Release|x64.ActiveCfg = Release|x64
		{A963068E-CC06-49A7-A7BB-314E49A6CFA0}.Release|x64.Build.0 = Release|x64
		{A963068E-CC06-49A7-A7BB-314E49A6CFA0}.Release|x86.ActiveCfg = Release|Win32
		{A963068E-CC06-49A7-A7BB-314E49A6CFA0}.Release|x86.Build.0 = Release|Win32
	EndGlobalSection
	GlobalSection(SolutionProperties) = preSolution
		HideSolutionNode = FALSE
	EndGlobalSection
EndGlobal
